
Microsoft Visual Studio Solution File, Format Version 12.00
# Visual Studio Version 17
VisualStudioVersion = 17.0.31903.59
MinimumVisualStudioVersion = 10.0.40219.1
Project("{FAE04EC0-301F-11D3-BF4B-00C04F79EFBC}") = "DE.Server", "DE.Server\DE.Server.csproj", "{9D523627-56CD-43E3-9AD7-04824E52A1FF}"
EndProject
Project("{FAE04EC0-301F-11D3-BF4B-00C04F79EFBC}") = "DE.Server.Foundation", "DE.Server.Foundation\DE.Server.Foundation.csproj", "{EA924287-8802-400A-8823-F8A95F350D9A}"
EndProject
Project("{FAE04EC0-301F-11D3-BF4B-00C04F79EFBC}") = "DE.Share", "DE.Share\DE.Share.csproj", "{7E12E319-AC93-4961-8993-1361EE03F3C2}"
EndProject
Project("{FAE04EC0-301F-11D3-BF4B-00C04F79EFBC}") = "DE.Share.Foundation", "DE.Share.Foundation\DE.Share.Foundation.csproj", "{437AD4D0-60D6-4865-8519-B5CCE3D4BF5A}"
EndProject
Project("{FAE04EC0-301F-11D3-BF4B-00C04F79EFBC}") = "Demo.Server", "Demo.Server\Demo.Server.csproj", "{0F705A25-F4D2-402D-91F1-BEB0DA361DBB}"
EndProject
Project("{FAE04EC0-301F-11D3-BF4B-00C04F79EFBC}") = "DE.Share.EntityPropertySG", "DE.Share.EntityPropertySG\DE.Share.EntityPropertySG.csproj", "{3A82AACC-7EC2-4DF2-94D5-CE937B2B8811}"
EndProject
Global
	GlobalSection(SolutionConfigurationPlatforms) = preSolution
		Debug|Any CPU = Debug|Any CPU
		Debug|x64 = Debug|x64
		Debug|x86 = Debug|x86
		Release|Any CPU = Release|Any CPU
		Release|x64 = Release|x64
		Release|x86 = Release|x86
	EndGlobalSection
	GlobalSection(ProjectConfigurationPlatforms) = postSolution
		{9D523627-56CD-43E3-9AD7-04824E52A1FF}.Debug|Any CPU.ActiveCfg = Debug|Any CPU
		{9D523627-56CD-43E3-9AD7-04824E52A1FF}.Debug|Any CPU.Build.0 = Debug|Any CPU
		{9D523627-56CD-43E3-9AD7-04824E52A1FF}.Debug|x64.ActiveCfg = Debug|Any CPU
		{9D523627-56CD-43E3-9AD7-04824E52A1FF}.Debug|x64.Build.0 = Debug|Any CPU
		{9D523627-56CD-43E3-9AD7-04824E52A1FF}.Debug|x86.ActiveCfg = Debug|Any CPU
		{9D523627-56CD-43E3-9AD7-04824E52A1FF}.Debug|x86.Build.0 = Debug|Any CPU
		{9D523627-56CD-43E3-9AD7-04824E52A1FF}.Release|Any CPU.ActiveCfg = Release|Any CPU
		{9D523627-56CD-43E3-9AD7-04824E52A1FF}.Release|Any CPU.Build.0 = Release|Any CPU
		{9D523627-56CD-43E3-9AD7-04824E52A1FF}.Release|x64.ActiveCfg = Release|Any CPU
		{9D523627-56CD-43E3-9AD7-04824E52A1FF}.Release|x64.Build.0 = Release|Any CPU
		{9D523627-56CD-43E3-9AD7-04824E52A1FF}.Release|x86.ActiveCfg = Release|Any CPU
		{9D523627-56CD-43E3-9AD7-04824E52A1FF}.Release|x86.Build.0 = Release|Any CPU
		{EA924287-8802-400A-8823-F8A95F350D9A}.Debug|Any CPU.ActiveCfg = Debug|Any CPU
		{EA924287-8802-400A-8823-F8A95F350D9A}.Debug|Any CPU.Build.0 = Debug|Any CPU
		{EA924287-8802-400A-8823-F8A95F350D9A}.Debug|x64.ActiveCfg = Debug|Any CPU
		{EA924287-8802-400A-8823-F8A95F350D9A}.Debug|x64.Build.0 = Debug|Any CPU
		{EA924287-8802-400A-8823-F8A95F350D9A}.Debug|x86.ActiveCfg = Debug|Any CPU
		{EA924287-8802-400A-8823-F8A95F350D9A}.Debug|x86.Build.0 = Debug|Any CPU
		{EA924287-8802-400A-8823-F8A95F350D9A}.Release|Any CPU.ActiveCfg = Release|Any CPU
		{EA924287-8802-400A-8823-F8A95F350D9A}.Release|Any CPU.Build.0 = Release|Any CPU
		{EA924287-8802-400A-8823-F8A95F350D9A}.Release|x64.ActiveCfg = Release|Any CPU
		{EA924287-8802-400A-8823-F8A95F350D9A}.Release|x64.Build.0 = Release|Any CPU
		{EA924287-8802-400A-8823-F8A95F350D9A}.Release|x86.ActiveCfg = Release|Any CPU
		{EA924287-8802-400A-8823-F8A95F350D9A}.Release|x86.Build.0 = Release|Any CPU
		{7E12E319-AC93-4961-8993-1361EE03F3C2}.Debug|Any CPU.ActiveCfg = Debug|Any CPU
		{7E12E319-AC93-4961-8993-1361EE03F3C2}.Debug|Any CPU.Build.0 = Debug|Any CPU
		{7E12E319-AC93-4961-8993-1361EE03F3C2}.Debug|x64.ActiveCfg = Debug|Any CPU
		{7E12E319-AC93-4961-8993-1361EE03F3C2}.Debug|x64.Build.0 = Debug|Any CPU
		{7E12E319-AC93-4961-8993-1361EE03F3C2}.Debug|x86.ActiveCfg = Debug|Any CPU
		{7E12E319-AC93-4961-8993-1361EE03F3C2}.Debug|x86.Build.0 = Debug|Any CPU
		{7E12E319-AC93-4961-8993-1361EE03F3C2}.Release|Any CPU.ActiveCfg = Release|Any CPU
		{7E12E319-AC93-4961-8993-1361EE03F3C2}.Release|Any CPU.Build.0 = Release|Any CPU
		{7E12E319-AC93-4961-8993-1361EE03F3C2}.Release|x64.ActiveCfg = Release|Any CPU
		{7E12E319-AC93-4961-8993-1361EE03F3C2}.Release|x64.Build.0 = Release|Any CPU
		{7E12E319-AC93-4961-8993-1361EE03F3C2}.Release|x86.ActiveCfg = Release|Any CPU
		{7E12E319-AC93-4961-8993-1361EE03F3C2}.Release|x86.Build.0 = Release|Any CPU
		{437AD4D0-60D6-4865-8519-B5CCE3D4BF5A}.Debug|Any CPU.ActiveCfg = Debug|Any CPU
		{437AD4D0-60D6-4865-8519-B5CCE3D4BF5A}.Debug|Any CPU.Build.0 = Debug|Any CPU
		{437AD4D0-60D6-4865-8519-B5CCE3D4BF5A}.Debug|x64.ActiveCfg = Debug|Any CPU
		{437AD4D0-60D6-4865-8519-B5CCE3D4BF5A}.Debug|x64.Build.0 = Debug|Any CPU
		{437AD4D0-60D6-4865-8519-B5CCE3D4BF5A}.Debug|x86.ActiveCfg = Debug|Any CPU
		{437AD4D0-60D6-4865-8519-B5CCE3D4BF5A}.Debug|x86.Build.0 = Debug|Any CPU
		{437AD4D0-60D6-4865-8519-B5CCE3D4BF5A}.Release|Any CPU.ActiveCfg = Release|Any CPU
		{437AD4D0-60D6-4865-8519-B5CCE3D4BF5A}.Release|Any CPU.Build.0 = Release|Any CPU
		{437AD4D0-60D6-4865-8519-B5CCE3D4BF5A}.Release|x64.ActiveCfg = Release|Any CPU
		{437AD4D0-60D6-4865-8519-B5CCE3D4BF5A}.Release|x64.Build.0 = Release|Any CPU
		{437AD4D0-60D6-4865-8519-B5CCE3D4BF5A}.Release|x86.ActiveCfg = Release|Any CPU
		{437AD4D0-60D6-4865-8519-B5CCE3D4BF5A}.Release|x86.Build.0 = Release|Any CPU
		{0F705A25-F4D2-402D-91F1-BEB0DA361DBB}.Debug|Any CPU.ActiveCfg = Debug|Any CPU
		{0F705A25-F4D2-402D-91F1-BEB0DA361DBB}.Debug|Any CPU.Build.0 = Debug|Any CPU
		{0F705A25-F4D2-402D-91F1-BEB0DA361DBB}.Debug|x64.ActiveCfg = Debug|Any CPU
		{0F705A25-F4D2-402D-91F1-BEB0DA361DBB}.Debug|x64.Build.0 = Debug|Any CPU
		{0F705A25-F4D2-402D-91F1-BEB0DA361DBB}.Debug|x86.ActiveCfg = Debug|Any CPU
		{0F705A25-F4D2-402D-91F1-BEB0DA361DBB}.Debug|x86.Build.0 = Debug|Any CPU
		{0F705A25-F4D2-402D-91F1-BEB0DA361DBB}.Release|Any CPU.ActiveCfg = Release|Any CPU
		{0F705A25-F4D2-402D-91F1-BEB0DA361DBB}.Release|Any CPU.Build.0 = Release|Any CPU
		{0F705A25-F4D2-402D-91F1-BEB0DA361DBB}.Release|x64.ActiveCfg = Release|Any CPU
		{0F705A25-F4D2-402D-91F1-BEB0DA361DBB}.Release|x64.Build.0 = Release|Any CPU
		{0F705A25-F4D2-402D-91F1-BEB0DA361DBB}.Release|x86.ActiveCfg = Release|Any CPU
		{0F705A25-F4D2-402D-91F1-BEB0DA361DBB}.Release|x86.Build.0 = Release|Any CPU
		{3A82AACC-7EC2-4DF2-94D5-CE937B2B8811}.Debug|Any CPU.ActiveCfg = Debug|Any CPU
		{3A82AACC-7EC2-4DF2-94D5-CE937B2B8811}.Debug|Any CPU.Build.0 = Debug|Any CPU
		{3A82AACC-7EC2-4DF2-94D5-CE937B2B8811}.Debug|x64.ActiveCfg = Debug|Any CPU
		{3A82AACC-7EC2-4DF2-94D5-CE937B2B8811}.Debug|x64.Build.0 = Debug|Any CPU
		{3A82AACC-7EC2-4DF2-94D5-CE937B2B8811}.Debug|x86.ActiveCfg = Debug|Any CPU
		{3A82AACC-7EC2-4DF2-94D5-CE937B2B8811}.Debug|x86.Build.0 = Debug|Any CPU
		{3A82AACC-7EC2-4DF2-94D5-CE937B2B8811}.Release|Any CPU.ActiveCfg = Release|Any CPU
		{3A82AACC-7EC2-4DF2-94D5-CE937B2B8811}.Release|Any CPU.Build.0 = Release|Any CPU
		{3A82AACC-7EC2-4DF2-94D5-CE937B2B8811}.Release|x64.ActiveCfg = Release|Any CPU
		{3A82AACC-7EC2-4DF2-94D5-CE937B2B8811}.Release|x64.Build.0 = Release|Any CPU
		{3A82AACC-7EC2-4DF2-94D5-CE937B2B8811}.Release|x86.ActiveCfg = Release|Any CPU
		{3A82AACC-7EC2-4DF2-94D5-CE937B2B8811}.Release|x86.Build.0 = Release|Any CPU
	EndGlobalSection
	GlobalSection(SolutionProperties) = preSolution
		HideSolutionNode = FALSE
	EndGlobalSection
EndGlobal
